
Microsoft Visual Studio Solution File, Format Version 12.00
# Visual Studio Version 17
VisualStudioVersion = 17.4.33403.182
MinimumVisualStudioVersion = 10.0.40219.1
Project("{9A19103F-16F7-4668-BE54-9A1E7A4F7556}") = "ConsoleGraphicEngine", "ConsoleGraphicEngine.csproj", "{C94221D1-0557-4817-B042-094DC7F80878}"
EndProject
Global
	GlobalSection(SolutionConfigurationPlatforms) = preSolution
		Debug|Any CPU = Debug|Any CPU
		Release|Any CPU = Release|Any CPU
	EndGlobalSection
	GlobalSection(ProjectConfigurationPlatforms) = postSolution
		{C94221D1-0557-4817-B042-094DC7F80878}.Debug|Any CPU.ActiveCfg = Debug|Any CPU
		{C94221D1-0557-4817-B042-094DC7F80878}.Debug|Any CPU.Build.0 = Debug|Any CPU
		{C94221D1-0557-4817-B042-094DC7F80878}.Release|Any CPU.ActiveCfg = Release|Any CPU
		{C94221D1-0557-4817-B042-094DC7F80878}.Release|Any CPU.Build.0 = Release|Any CPU
	EndGlobalSection
	GlobalSection(SolutionProperties) = preSolution
		HideSolutionNode = FALSE
	EndGlobalSection
	GlobalSection(ExtensibilityGlobals) = postSolution
		SolutionGuid = {68392822-3C48-4FBF-BEF9-38EACBA7C6B6}
	EndGlobalSection
EndGlobal
