
Microsoft Visual Studio Solution File, Format Version 12.00
# Visual Studio Version 17
VisualStudioVersion = 17.4.33403.182
MinimumVisualStudioVersion = 10.0.40219.1
Project("{9A19103F-16F7-4668-BE54-9A1E7A4F7556}") = "ConsoleGraphicEngine3D", "ConsoleGraphicEngine3D.csproj", "{C94221D1-0557-4817-B042-094DC7F80878}"
EndProject
Project("{FAE04EC0-301F-11D3-BF4B-00C04F79EFBC}") = "Engine3D", "..\Engine\Engine3D.csproj", "{E49D18FE-741A-445C-8E31-88987D309050}"
EndProject
Project("{FAE04EC0-301F-11D3-BF4B-00C04F79EFBC}") = "Hierarchy", "..\Hierarchy\Hierarchy.csproj", "{199C9DD1-E266-4479-9189-68B2666205B3}"
EndProject
Project("{FAE04EC0-301F-11D3-BF4B-00C04F79EFBC}") = "Commands", "..\CommandManager\Commands.csproj", "{32C01112-CD63-4574-9ED5-30DDBF6A4776}"
EndProject
Project("{FAE04EC0-301F-11D3-BF4B-00C04F79EFBC}") = "Math3D", "..\Math3D\Math3D.csproj", "{2ECA1D87-A9FD-4F1C-888F-513EA3E72606}"
EndProject
Project("{FAE04EC0-301F-11D3-BF4B-00C04F79EFBC}") = "ConsoleRayTracingRenderer", "..\ConsoleRayTracingRenderer\ConsoleRayTracingRenderer.csproj", "{5875B348-D6AF-4DAF-A788-09ABDF405C49}"
EndProject
Project("{2150E333-8FDC-42A3-9474-1A3956D46DE8}") = "Basic", "Basic", "{63446CC0-ACED-437D-900E-E4C283C58ECA}"
EndProject
Global
	GlobalSection(SolutionConfigurationPlatforms) = preSolution
		Debug|Any CPU = Debug|Any CPU
		Release|Any CPU = Release|Any CPU
	EndGlobalSection
	GlobalSection(ProjectConfigurationPlatforms) = postSolution
		{C94221D1-0557-4817-B042-094DC7F80878}.Debug|Any CPU.ActiveCfg = Debug|Any CPU
		{C94221D1-0557-4817-B042-094DC7F80878}.Debug|Any CPU.Build.0 = Debug|Any CPU
		{C94221D1-0557-4817-B042-094DC7F80878}.Release|Any CPU.ActiveCfg = Release|Any CPU
		{C94221D1-0557-4817-B042-094DC7F80878}.Release|Any CPU.Build.0 = Release|Any CPU
		{E49D18FE-741A-445C-8E31-88987D309050}.Debug|Any CPU.ActiveCfg = Debug|Any CPU
		{E49D18FE-741A-445C-8E31-88987D309050}.Debug|Any CPU.Build.0 = Debug|Any CPU
		{E49D18FE-741A-445C-8E31-88987D309050}.Release|Any CPU.ActiveCfg = Release|Any CPU
		{E49D18FE-741A-445C-8E31-88987D309050}.Release|Any CPU.Build.0 = Release|Any CPU
		{199C9DD1-E266-4479-9189-68B2666205B3}.Debug|Any CPU.ActiveCfg = Debug|Any CPU
		{199C9DD1-E266-4479-9189-68B2666205B3}.Debug|Any CPU.Build.0 = Debug|Any CPU
		{199C9DD1-E266-4479-9189-68B2666205B3}.Release|Any CPU.ActiveCfg = Release|Any CPU
		{199C9DD1-E266-4479-9189-68B2666205B3}.Release|Any CPU.Build.0 = Release|Any CPU
		{32C01112-CD63-4574-9ED5-30DDBF6A4776}.Debug|Any CPU.ActiveCfg = Debug|Any CPU
		{32C01112-CD63-4574-9ED5-30DDBF6A4776}.Debug|Any CPU.Build.0 = Debug|Any CPU
		{32C01112-CD63-4574-9ED5-30DDBF6A4776}.Release|Any CPU.ActiveCfg = Release|Any CPU
		{32C01112-CD63-4574-9ED5-30DDBF6A4776}.Release|Any CPU.Build.0 = Release|Any CPU
		{2ECA1D87-A9FD-4F1C-888F-513EA3E72606}.Debug|Any CPU.ActiveCfg = Debug|Any CPU
		{2ECA1D87-A9FD-4F1C-888F-513EA3E72606}.Debug|Any CPU.Build.0 = Debug|Any CPU
		{2ECA1D87-A9FD-4F1C-888F-513EA3E72606}.Release|Any CPU.ActiveCfg = Release|Any CPU
		{2ECA1D87-A9FD-4F1C-888F-513EA3E72606}.Release|Any CPU.Build.0 = Release|Any CPU
		{5875B348-D6AF-4DAF-A788-09ABDF405C49}.Debug|Any CPU.ActiveCfg = Debug|Any CPU
		{5875B348-D6AF-4DAF-A788-09ABDF405C49}.Debug|Any CPU.Build.0 = Debug|Any CPU
		{5875B348-D6AF-4DAF-A788-09ABDF405C49}.Release|Any CPU.ActiveCfg = Release|Any CPU
		{5875B348-D6AF-4DAF-A788-09ABDF405C49}.Release|Any CPU.Build.0 = Release|Any CPU
	EndGlobalSection
	GlobalSection(SolutionProperties) = preSolution
		HideSolutionNode = FALSE
	EndGlobalSection
	GlobalSection(NestedProjects) = preSolution
		{C94221D1-0557-4817-B042-094DC7F80878} = {63446CC0-ACED-437D-900E-E4C283C58ECA}
		{E49D18FE-741A-445C-8E31-88987D309050} = {63446CC0-ACED-437D-900E-E4C283C58ECA}
		{199C9DD1-E266-4479-9189-68B2666205B3} = {63446CC0-ACED-437D-900E-E4C283C58ECA}
		{32C01112-CD63-4574-9ED5-30DDBF6A4776} = {63446CC0-ACED-437D-900E-E4C283C58ECA}
		{2ECA1D87-A9FD-4F1C-888F-513EA3E72606} = {63446CC0-ACED-437D-900E-E4C283C58ECA}
	EndGlobalSection
	GlobalSection(ExtensibilityGlobals) = postSolution
		SolutionGuid = {68392822-3C48-4FBF-BEF9-38EACBA7C6B6}
	EndGlobalSection
EndGlobal
